{
    "_meta": {
        "hash": {
            "sha256": "b4e57cf75f4f743a2c55d3179e617886271fb2bc9951b2229605ae1d382fcb68"
        },
        "pipfile-spec": 6,
        "requires": {
            "python_full_version": "3.9.6",
            "python_version": "3.9"
        },
        "sources": [
            {
                "name": "pypi",
                "url": "https://pypi.org/simple",
                "verify_ssl": true
            }
        ]
    },
    "default": {
        "graphviz": {
            "hashes": [
                "sha256:09d6bc81e6a9fa392e7ba52135a9d49f1ed62526f96499325930e87ca1b5925d",
                "sha256:81f848f2904515d8cd359cc611faba817598d2feaac4027b266aa3eda7b3dde5"
            ],
            "index": "pypi",
            "markers": "python_version >= '3.8'",
            "version": "==0.20.3"
        }
    },
    "develop": {}
}
